PODS:
  - Flutter (1.0.0)
  - integration_test (0.0.1):
    - Flutter
  - smile_id (11.2.12):
    - Flutter
    - SmileID (= 11.2.1)
  - SmileID (11.2.1):
    - SmileIDSDK (= 11.2.1)
  - SmileIDSDK (11.2.1)

DEPENDENCIES:
  - Flutter (from `Flutter`)
  - integration_test (from `.symlinks/plugins/integration_test/ios`)
  - smile_id (from `.symlinks/plugins/smile_id/ios`)

SPEC REPOS:
  trunk:
    - SmileID
    - SmileIDSDK

EXTERNAL SOURCES:
  Flutter:
    :path: Flutter
  integration_test:
    :path: ".symlinks/plugins/integration_test/ios"
  smile_id:
    :path: ".symlinks/plugins/smile_id/ios"

SPEC CHECKSUMS:
  Flutter: cabc95a1d2626b1b06e7179b784ebcf0c0cde467
  integration_test: 4a889634ef21a45d28d50d622cf412dc6d9f586e
  smile_id: 962f678c8fa810b201d80d9e6cdc9484eda3cd4d
  SmileID: 8a64fd13da9bd1a8b623496ad32d225b5d378583
  SmileIDSDK: 022ac26d652546120578ec37675434289e315001

PODFILE CHECKSUM: 81be4fc09878044dc75c762493ad56e861d5bf57

COCOAPODS: 1.16.2
